// !$*UTF8*$!
{
	archiveVersion = 1;
	classes = {
	};
	objectVersion = 50;
	objects = {

/* Begin PBXBuildFile section */
		EBA6A03E21F2848C003548B0 /* AppDelegate.swift in Sources */ = {isa = PBXBuildFile; fileRef = EBA6A03D21F2848C003548B0 /* AppDelegate.swift */; };
		EBA6A04021F2848C003548B0 /* ViewController.swift in Sources */ = {isa = PBXBuildFile; fileRef = EBA6A03F21F2848C003548B0 /* ViewController.swift */; };
		EBA6A04321F2848C003548B0 /* Main.storyboard in Resources */ = {isa = PBXBuildFile; fileRef = EBA6A04121F2848C003548B0 /* Main.storyboard */; };
		EBA6A04621F2848C003548B0 /* WhatsYourWod.xcdatamodeld in Sources */ = {isa = PBXBuildFile; fileRef = EBA6A04421F2848C003548B0 /* WhatsYourWod.xcdatamodeld */; };
		EBA6A04821F2848E003548B0 /* Assets.xcassets in Resources */ = {isa = PBXBuildFile; fileRef = EBA6A04721F2848E003548B0 /* Assets.xcassets */; };
		EBA6A04B21F2848E003548B0 /* LaunchScreen.storyboard in Resources */ = {isa = PBXBuildFile; fileRef = EBA6A04921F2848E003548B0 /* LaunchScreen.storyboard */; };
		EBA6A05621F2848E003548B0 /* WhatsYourWodTests.swift in Sources */ = {isa = PBXBuildFile; fileRef = EBA6A05521F2848E003548B0 /* WhatsYourWodTests.swift */; };
/* End PBXBuildFile section */

/* Begin PBXContainerItemProxy section */
		EBA6A05221F2848E003548B0 /* PBXContainerItemProxy */ = {
			isa = PBXContainerItemProxy;
			containerPortal = EBA6A03221F2848B003548B0 /* Project object */;
			proxyType = 1;
			remoteGlobalIDString = EBA6A03921F2848C003548B0;
			remoteInfo = WhatsYourWod;
		};
/* End PBXContainerItemProxy section */

/* Begin PBXFileReference section */
		EBA6A03A21F2848C003548B0 /* WhatsYourWod.app */ = {isa = PBXFileReference; explicitFileType = wrapper.application; includeInIndex = 0; path = WhatsYourWod.app; sourceTree = BUILT_PRODUCTS_DIR; };
		EBA6A03D21F2848C003548B0 /* AppDelegate.swift */ = {isa = PBXFileReference; lastKnownFileType = sourcecode.swift; path = AppDelegate.swift; sourceTree = "<group>"; };
		EBA6A03F21F2848C003548B0 /* ViewController.swift */ = {isa = PBXFileReference; lastKnownFileType = sourcecode.swift; path = ViewController.swift; sourceTree = "<group>"; };
		EBA6A04221F2848C003548B0 /* Base */ = {isa = PBXFileReference; lastKnownFileType = file.storyboard; name = Base; path = Base.lproj/Main.storyboard; sourceTree = "<group>"; };
		EBA6A04521F2848C003548B0 /* WhatsYourWod.xcdatamodel */ = {isa = PBXFileReference; lastKnownFileType = wrapper.xcdatamodel; path = WhatsYourWod.xcdatamodel; sourceTree = "<group>"; };
		EBA6A04721F2848E003548B0 /* Assets.xcassets */ = {isa = PBXFileReference; lastKnownFileType = folder.assetcatalog; path = Assets.xcassets; sourceTree = "<group>"; };
		EBA6A04A21F2848E003548B0 /* Base */ = {isa = PBXFileReference; lastKnownFileType = file.storyboard; name = Base; path = Base.lproj/LaunchScreen.storyboard; sourceTree = "<group>"; };
		EBA6A04C21F2848E003548B0 /* Info.plist */ = {isa = PBXFileReference; lastKnownFileType = text.plist.xml; path = Info.plist; sourceTree = "<group>"; };
		EBA6A05121F2848E003548B0 /* WhatsYourWodTests.xctest */ = {isa = PBXFileReference; explicitFileType = wrapper.cfbundle; includeInIndex = 0; path = WhatsYourWodTests.xctest; sourceTree = BUILT_PRODUCTS_DIR; };
		EBA6A05521F2848E003548B0 /* WhatsYourWodTests.swift */ = {isa = PBXFileReference; lastKnownFileType = sourcecode.swift; path = WhatsYourWodTests.swift; sourceTree = "<group>"; };
		EBA6A05721F2848E003548B0 /* Info.plist */ = {isa = PBXFileReference; lastKnownFileType = text.plist.xml; path = Info.plist; sourceTree = "<group>"; };
/* End PBXFileReference section */

/* Begin PBXFrameworksBuildPhase section */
		EBA6A03721F2848C003548B0 /* Frameworks */ = {
			isa = PBXFrameworksBuildPhase;
			buildActionMask = 2147483647;
			files = (
			);
			runOnlyForDeploymentPostprocessing = 0;
		};
		EBA6A04E21F2848E003548B0 /* Frameworks */ = {
			isa = PBXFrameworksBuildPhase;
			buildActionMask = 2147483647;
			files = (
			);
			runOnlyForDeploymentPostprocessing = 0;
		};
/* End PBXFrameworksBuildPhase section */

/* Begin PBXGroup section */
		EBA6A03121F2848B003548B0 = {
			isa = PBXGroup;
			children = (
				EBA6A03C21F2848C003548B0 /* WhatsYourWod */,
				EBA6A05421F2848E003548B0 /* WhatsYourWodTests */,
				EBA6A03B21F2848C003548B0 /* Products */,
			);
			sourceTree = "<group>";
		};
		EBA6A03B21F2848C003548B0 /* Products */ = {
			isa = PBXGroup;
			children = (
				EBA6A03A21F2848C003548B0 /* WhatsYourWod.app */,
				EBA6A05121F2848E003548B0 /* WhatsYourWodTests.xctest */,
			);
			name = Products;
			sourceTree = "<group>";
		};
		EBA6A03C21F2848C003548B0 /* WhatsYourWod */ = {
			isa = PBXGroup;
			children = (
				EBA6A03D21F2848C003548B0 /* AppDelegate.swift */,
				EBA6A03F21F2848C003548B0 /* ViewController.swift */,
				EBA6A04121F2848C003548B0 /* Main.storyboard */,
				EBA6A04721F2848E003548B0 /* Assets.xcassets */,
				EBA6A04921F2848E003548B0 /* LaunchScreen.storyboard */,
				EBA6A04C21F2848E003548B0 /* Info.plist */,
				EBA6A04421F2848C003548B0 /* WhatsYourWod.xcdatamodeld */,
			);
			path = WhatsYourWod;
			sourceTree = "<group>";
		};
		EBA6A05421F2848E003548B0 /* WhatsYourWodTests */ = {
			isa = PBXGroup;
			children = (
				EBA6A05521F2848E003548B0 /* WhatsYourWodTests.swift */,
				EBA6A05721F2848E003548B0 /* Info.plist */,
			);
			path = WhatsYourWodTests;
			sourceTree = "<group>";
		};
/* End PBXGroup section */

/* Begin PBXNativeTarget section */
		EBA6A03921F2848C003548B0 /* WhatsYourWod */ = {
			isa = PBXNativeTarget;
			buildConfigurationList = EBA6A05A21F2848E003548B0 /* Build configuration list for PBXNativeTarget "WhatsYourWod" */;
			buildPhases = (
				EBA6A03621F2848C003548B0 /* Sources */,
				EBA6A03721F2848C003548B0 /* Frameworks */,
				EBA6A03821F2848C003548B0 /* Resources */,
			);
			buildRules = (
			);
			dependencies = (
			);
			name = WhatsYourWod;
			productName = WhatsYourWod;
			productReference = EBA6A03A21F2848C003548B0 /* WhatsYourWod.app */;
			productType = "com.apple.product-type.application";
		};
		EBA6A05021F2848E003548B0 /* WhatsYourWodTests */ = {
			isa = PBXNativeTarget;
			buildConfigurationList = EBA6A05D21F2848E003548B0 /* Build configuration list for PBXNativeTarget "WhatsYourWodTests" */;
			buildPhases = (
				EBA6A04D21F2848E003548B0 /* Sources */,
				EBA6A04E21F2848E003548B0 /* Frameworks */,
				EBA6A04F21F2848E003548B0 /* Resources */,
			);
			buildRules = (
			);
			dependencies = (
				EBA6A05321F2848E003548B0 /* PBXTargetDependency */,
			);
			name = WhatsYourWodTests;
			productName = WhatsYourWodTests;
			productReference = EBA6A05121F2848E003548B0 /* WhatsYourWodTests.xctest */;
			productType = "com.apple.product-type.bundle.unit-test";
		};
/* End PBXNativeTarget section */

/* Begin PBXProject section */
		EBA6A03221F2848B003548B0 /* Project object */ = {
			isa = PBXProject;
			attributes = {
				LastSwiftUpdateCheck = 1010;
				LastUpgradeCheck = 1010;
				ORGANIZATIONNAME = "Corey Davis";
				TargetAttributes = {
					EBA6A03921F2848C003548B0 = {
						CreatedOnToolsVersion = 10.1;
					};
					EBA6A05021F2848E003548B0 = {
						CreatedOnToolsVersion = 10.1;
						TestTargetID = EBA6A03921F2848C003548B0;
					};
				};
			};
			buildConfigurationList = EBA6A03521F2848B003548B0 /* Build configuration list for PBXProject "WhatsYourWod" */;
			compatibilityVersion = "Xcode 9.3";
			developmentRegion = en;
			hasScannedForEncodings = 0;
			knownRegions = (
				en,
				Base,
			);
			mainGroup = EBA6A03121F2848B003548B0;
			productRefGroup = EBA6A03B21F2848C003548B0 /* Products */;
			projectDirPath = "";
			projectRoot = "";
			targets = (
				EBA6A03921F2848C003548B0 /* WhatsYourWod */,
				EBA6A05021F2848E003548B0 /* WhatsYourWodTests */,
			);
		};
/* End PBXProject section */

/* Begin PBXResourcesBuildPhase section */
		EBA6A03821F2848C003548B0 /* Resources */ = {
			isa = PBXResourcesBuildPhase;
			buildActionMask = 2147483647;
			files = (
				EBA6A04B21F2848E003548B0 /* LaunchScreen.storyboard in Resources */,
				EBA6A04821F2848E003548B0 /* Assets.xcassets in Resources */,
				EBA6A04321F2848C003548B0 /* Main.storyboard in Resources */,
			);
			runOnlyForDeploymentPostprocessing = 0;
		};
		EBA6A04F21F2848E003548B0 /* Resources */ = {
			isa = PBXResourcesBuildPhase;
			buildActionMask = 2147483647;
			files = (
			);
			runOnlyForDeploymentPostprocessing = 0;
		};
/* End PBXResourcesBuildPhase section */

/* Begin PBXSourcesBuildPhase section */
		EBA6A03621F2848C003548B0 /* Sources */ = {
			isa = PBXSourcesBuildPhase;
			buildActionMask = 2147483647;
			files = (
				EBA6A04021F2848C003548B0 /* ViewController.swift in Sources */,
				EBA6A03E21F2848C003548B0 /* AppDelegate.swift in Sources */,
				EBA6A04621F2848C003548B0 /* WhatsYourWod.xcdatamodeld in Sources */,
			);
			runOnlyForDeploymentPostprocessing = 0;
		};
		EBA6A04D21F2848E003548B0 /* Sources */ = {
			isa = PBXSourcesBuildPhase;
			buildActionMask = 2147483647;
			files = (
				EBA6A05621F2848E003548B0 /* WhatsYourWodTests.swift in Sources */,
			);
			runOnlyForDeploymentPostprocessing = 0;
		};
/* End PBXSourcesBuildPhase section */

/* Begin PBXTargetDependency section */
		EBA6A05321F2848E003548B0 /* PBXTargetDependency */ = {
			isa = PBXTargetDependency;
			target = EBA6A03921F2848C003548B0 /* WhatsYourWod */;
			targetProxy = EBA6A05221F2848E003548B0 /* PBXContainerItemProxy */;
		};
/* End PBXTargetDependency section */

/* Begin PBXVariantGroup section */
		EBA6A04121F2848C003548B0 /* Main.storyboard */ = {
			isa = PBXVariantGroup;
			children = (
				EBA6A04221F2848C003548B0 /* Base */,
			);
			name = Main.storyboard;
			sourceTree = "<group>";
		};
		EBA6A04921F2848E003548B0 /* LaunchScreen.storyboard */ = {
			isa = PBXVariantGroup;
			children = (
				EBA6A04A21F2848E003548B0 /* Base */,
			);
			name = LaunchScreen.storyboard;
			sourceTree = "<group>";
		};
/* End PBXVariantGroup section */

/* Begin XCBuildConfiguration section */
		EBA6A05821F2848E003548B0 /* Debug */ = {
			isa = XCBuildConfiguration;
			buildSettings = {
				ALWAYS_SEARCH_USER_PATHS = NO;
				CLANG_ANALYZER_NONNULL = YES;
				CLANG_ANALYZER_NUMBER_OBJECT_CONVERSION = YES_AGGRESSIVE;
				CLANG_CXX_LANGUAGE_STANDARD = "gnu++14";
				CLANG_CXX_LIBRARY = "libc++";
				CLANG_ENABLE_MODULES = YES;
				CLANG_ENABLE_OBJC_ARC = YES;
				CLANG_ENABLE_OBJC_WEAK = YES;
				CLANG_WARN_BLOCK_CAPTURE_AUTORELEASING = YES;
				CLANG_WARN_BOOL_CONVERSION = YES;
				CLANG_WARN_COMMA = YES;
				CLANG_WARN_CONSTANT_CONVERSION = YES;
				CLANG_WARN_DEPRECATED_OBJC_IMPLEMENTATIONS = YES;
				CLANG_WARN_DIRECT_OBJC_ISA_USAGE = YES_ERROR;
				CLANG_WARN_DOCUMENTATION_COMMENTS = YES;
				CLANG_WARN_EMPTY_BODY = YES;
				CLANG_WARN_ENUM_CONVERSION = YES;
				CLANG_WARN_INFINITE_RECURSION = YES;
				CLANG_WARN_INT_CONVERSION = YES;
				CLANG_WARN_NON_LITERAL_NULL_CONVERSION = YES;
				CLANG_WARN_OBJC_IMPLICIT_RETAIN_SELF = YES;
				CLANG_WARN_OBJC_LITERAL_CONVERSION = YES;
				CLANG_WARN_OBJC_ROOT_CLASS = YES_ERROR;
				CLANG_WARN_RANGE_LOOP_ANALYSIS = YES;
				CLANG_WARN_STRICT_PROTOTYPES = YES;
				CLANG_WARN_SUSPICIOUS_MOVE = YES;
				CLANG_WARN_UNGUARDED_AVAILABILITY = YES_AGGRESSIVE;
				CLANG_WARN_UNREACHABLE_CODE = YES;
				CLANG_WARN__DUPLICATE_METHOD_MATCH = YES;
				CODE_SIGN_IDENTITY = "iPhone Developer";
				COPY_PHASE_STRIP = NO;
				DEBUG_INFORMATION_FORMAT = dwarf;
				ENABLE_STRICT_OBJC_MSGSEND = YES;
				ENABLE_TESTABILITY = YES;
				GCC_C_LANGUAGE_STANDARD = gnu11;
				GCC_DYNAMIC_NO_PIC = NO;
				GCC_NO_COMMON_BLOCKS = YES;
				GCC_OPTIMIZATION_LEVEL = 0;
				GCC_PREPROCESSOR_DEFINITIONS = (
					"DEBUG=1",
					"$(inherited)",
				);
				GCC_WARN_64_TO_32_BIT_CONVERSION = YES;
				GCC_WARN_ABOUT_RETURN_TYPE = YES_ERROR;
				GCC_WARN_UNDECLARED_SELECTOR = YES;
				GCC_WARN_UNINITIALIZED_AUTOS = YES_AGGRESSIVE;
				GCC_WARN_UNUSED_FUNCTION = YES;
				GCC_WARN_UNUSED_VARIABLE = YES;
				IPHONEOS_DEPLOYMENT_TARGET = 12.1;
				MTL_ENABLE_DEBUG_INFO = INCLUDE_SOURCE;
				MTL_FAST_MATH = YES;
				ONLY_ACTIVE_ARCH = YES;
				SDKROOT = iphoneos;
				SWIFT_ACTIVE_COMPILATION_CONDITIONS = DEBUG;
				SWIFT_OPTIMIZATION_LEVEL = "-Onone";
			};
			name = Debug;
		};
		EBA6A05921F2848E003548B0 /* Release */ = {
			isa = XCBuildConfiguration;
			buildSettings = {
				ALWAYS_SEARCH_USER_PATHS = NO;
				CLANG_ANALYZER_NONNULL = YES;
				CLANG_ANALYZER_NUMBER_OBJECT_CONVERSION = YES_AGGRESSIVE;
				CLANG_CXX_LANGUAGE_STANDARD = "gnu++14";
				CLANG_CXX_LIBRARY = "libc++";
				CLANG_ENABLE_MODULES = YES;
				CLANG_ENABLE_OBJC_ARC = YES;
				CLANG_ENABLE_OBJC_WEAK = YES;
				CLANG_WARN_BLOCK_CAPTURE_AUTORELEASING = YES;
				CLANG_WARN_BOOL_CONVERSION = YES;
				CLANG_WARN_COMMA = YES;
				CLANG_WARN_CONSTANT_CONVERSION = YES;
				CLANG_WARN_DEPRECATED_OBJC_IMPLEMENTATIONS = YES;
				CLANG_WARN_DIRECT_OBJC_ISA_USAGE = YES_ERROR;
				CLANG_WARN_DOCUMENTATION_COMMENTS = YES;
				CLANG_WARN_EMPTY_BODY = YES;
				CLANG_WARN_ENUM_CONVERSION = YES;
				CLANG_WARN_INFINITE_RECURSION = YES;
				CLANG_WARN_INT_CONVERSION = YES;
				CLANG_WARN_NON_LITERAL_NULL_CONVERSION = YES;
				CLANG_WARN_OBJC_IMPLICIT_RETAIN_SELF = YES;
				CLANG_WARN_OBJC_LITERAL_CONVERSION = YES;
				CLANG_WARN_OBJC_ROOT_CLASS = YES_ERROR;
				CLANG_WARN_RANGE_LOOP_ANALYSIS = YES;
				CLANG_WARN_STRICT_PROTOTYPES = YES;
				CLANG_WARN_SUSPICIOUS_MOVE = YES;
				CLANG_WARN_UNGUARDED_AVAILABILITY = YES_AGGRESSIVE;
				CLANG_WARN_UNREACHABLE_CODE = YES;
				CLANG_WARN__DUPLICATE_METHOD_MATCH = YES;
				CODE_SIGN_IDENTITY = "iPhone Developer";
				COPY_PHASE_STRIP = NO;
				DEBUG_INFORMATION_FORMAT = "dwarf-with-dsym";
				ENABLE_NS_ASSERTIONS = NO;
				ENABLE_STRICT_OBJC_MSGSEND = YES;
				GCC_C_LANGUAGE_STANDARD = gnu11;
				GCC_NO_COMMON_BLOCKS = YES;
				GCC_WARN_64_TO_32_BIT_CONVERSION = YES;
				GCC_WARN_ABOUT_RETURN_TYPE = YES_ERROR;
				GCC_WARN_UNDECLARED_SELECTOR = YES;
				GCC_WARN_UNINITIALIZED_AUTOS = YES_AGGRESSIVE;
				GCC_WARN_UNUSED_FUNCTION = YES;
				GCC_WARN_UNUSED_VARIABLE = YES;
				IPHONEOS_DEPLOYMENT_TARGET = 12.1;
				MTL_ENABLE_DEBUG_INFO = NO;
				MTL_FAST_MATH = YES;
				SDKROOT = iphoneos;
				SWIFT_COMPILATION_MODE = wholemodule;
				SWIFT_OPTIMIZATION_LEVEL = "-O";
				VALIDATE_PRODUCT = YES;
			};
			name = Release;
		};
		EBA6A05B21F2848E003548B0 /* Debug */ = {
			isa = XCBuildConfiguration;
			buildSettings = {
				ASSETCATALOG_COMPILER_APPICON_NAME = AppIcon;
				CODE_SIGN_STYLE = Automatic;
				DEVELOPMENT_TEAM = 4X2YU7S2XU;
				INFOPLIST_FILE = WhatsYourWod/Info.plist;
				LD_RUNPATH_SEARCH_PATHS = (
					"$(inherited)",
					"@executable_path/Frameworks",
				);
				PRODUCT_BUNDLE_IDENTIFIER = cd.WhatsYourWod;
				PRODUCT_NAME = "$(TARGET_NAME)";
				SWIFT_VERSION = 4.2;
				TARGETED_DEVICE_FAMILY = "1,2";
			};
			name = Debug;
		};
		EBA6A05C21F2848E003548B0 /* Release */ = {
			isa = XCBuildConfiguration;
			buildSettings = {
				ASSETCATALOG_COMPILER_APPICON_NAME = AppIcon;
				CODE_SIGN_STYLE = Automatic;
				DEVELOPMENT_TEAM = 4X2YU7S2XU;
				INFOPLIST_FILE = WhatsYourWod/Info.plist;
				LD_RUNPATH_SEARCH_PATHS = (
					"$(inherited)",
					"@executable_path/Frameworks",
				);
				PRODUCT_BUNDLE_IDENTIFIER = cd.WhatsYourWod;
				PRODUCT_NAME = "$(TARGET_NAME)";
				SWIFT_VERSION = 4.2;
				TARGETED_DEVICE_FAMILY = "1,2";
			};
			name = Release;
		};
		EBA6A05E21F2848E003548B0 /* Debug */ = {
			isa = XCBuildConfiguration;
			buildSettings = {
				ALWAYS_EMBED_SWIFT_STANDARD_LIBRARIES = YES;
				BUNDLE_LOADER = "$(TEST_HOST)";
				CODE_SIGN_STYLE = Automatic;
				DEVELOPMENT_TEAM = 4X2YU7S2XU;
				INFOPLIST_FILE = WhatsYourWodTests/Info.plist;
				LD_RUNPATH_SEARCH_PATHS = (
					"$(inherited)",
					"@executable_path/Frameworks",
					"@loader_path/Frameworks",
				);
				PRODUCT_BUNDLE_IDENTIFIER = cd.WhatsYourWodTests;
				PRODUCT_NAME = "$(TARGET_NAME)";
				SWIFT_VERSION = 4.2;
				TARGETED_DEVICE_FAMILY = "1,2";
				TEST_HOST = "$(BUILT_PRODUCTS_DIR)/WhatsYourWod.app/WhatsYourWod";
			};
			name = Debug;
		};
		EBA6A05F21F2848E003548B0 /* Release */ = {
			isa = XCBuildConfiguration;
			buildSettings = {
				ALWAYS_EMBED_SWIFT_STANDARD_LIBRARIES = YES;
				BUNDLE_LOADER = "$(TEST_HOST)";
				CODE_SIGN_STYLE = Automatic;
				DEVELOPMENT_TEAM = 4X2YU7S2XU;
				INFOPLIST_FILE = WhatsYourWodTests/Info.plist;
				LD_RUNPATH_SEARCH_PATHS = (
					"$(inherited)",
					"@executable_path/Frameworks",
					"@loader_path/Frameworks",
				);
				PRODUCT_BUNDLE_IDENTIFIER = cd.WhatsYourWodTests;
				PRODUCT_NAME = "$(TARGET_NAME)";
				SWIFT_VERSION = 4.2;
				TARGETED_DEVICE_FAMILY = "1,2";
				TEST_HOST = "$(BUILT_PRODUCTS_DIR)/WhatsYourWod.app/WhatsYourWod";
			};
			name = Release;
		};
/* End XCBuildConfiguration section */

/* Begin XCConfigurationList section */
		EBA6A03521F2848B003548B0 /* Build configuration list for PBXProject "WhatsYourWod" */ = {
			isa = XCConfigurationList;
			buildConfigurations = (
				EBA6A05821F2848E003548B0 /* Debug */,
				EBA6A05921F2848E003548B0 /* Release */,
			);
			defaultConfigurationIsVisible = 0;
			defaultConfigurationName = Release;
		};
		EBA6A05A21F2848E003548B0 /* Build configuration list for PBXNativeTarget "WhatsYourWod" */ = {
			isa = XCConfigurationList;
			buildConfigurations = (
				EBA6A05B21F2848E003548B0 /* Debug */,
				EBA6A05C21F2848E003548B0 /* Release */,
			);
			defaultConfigurationIsVisible = 0;
			defaultConfigurationName = Release;
		};
		EBA6A05D21F2848E003548B0 /* Build configuration list for PBXNativeTarget "WhatsYourWodTests" */ = {
			isa = XCConfigurationList;
			buildConfigurations = (
				EBA6A05E21F2848E003548B0 /* Debug */,
				EBA6A05F21F2848E003548B0 /* Release */,
			);
			defaultConfigurationIsVisible = 0;
			defaultConfigurationName = Release;
		};
/* End XCConfigurationList section */

/* Begin XCVersionGroup section */
		EBA6A04421F2848C003548B0 /* WhatsYourWod.xcdatamodeld */ = {
			isa = XCVersionGroup;
			children = (
				EBA6A04521F2848C003548B0 /* WhatsYourWod.xcdatamodel */,
			);
			currentVersion = EBA6A04521F2848C003548B0 /* WhatsYourWod.xcdatamodel */;
			path = WhatsYourWod.xcdatamodeld;
			sourceTree = "<group>";
			versionGroupType = wrapper.xcdatamodel;
		};
/* End XCVersionGroup section */
	};
	rootObject = EBA6A03221F2848B003548B0 /* Project object */;
}
